
Microsoft Visual Studio Solution File, Format Version 12.00
# Visual Studio Version 17
VisualStudioVersion = 17.13.35806.99
MinimumVisualStudioVersion = 10.0.40219.1
Project("{2150E333-8FDC-42A3-9474-1A3956D46DE8}") = "Services", "Services", "{02EA681E-C7D8-13C7-8484-4AC65E1B71E8}"
EndProject
Project("{2150E333-8FDC-42A3-9474-1A3956D46DE8}") = "Catalog", "Catalog", "{B62D3584-AF5F-4979-999B-990B6317CAC7}"
EndProject
Project("{FAE04EC0-301F-11D3-BF4B-00C04F79EFBC}") = "CatalogAPI", "src\Services\Catalog\CatalogAPI\CatalogAPI.csproj", "{E42CEAFC-5528-42D3-8BAB-D03A7642F1B4}"
EndProject
Project("{2150E333-8FDC-42A3-9474-1A3956D46DE8}") = "BuildingBlocks", "BuildingBlocks", "{B0BAC219-A11F-461C-9A02-0812A11EC182}"
EndProject
Project("{FAE04EC0-301F-11D3-BF4B-00C04F79EFBC}") = "BuildingBlocks", "src\BuildingBlocks\BuildingBlocks\BuildingBlocks.csproj", "{26F79A5B-A92E-41FB-818C-655CC30B3BE8}"
EndProject
Project("{E53339B2-1760-4266-BCC7-CA923CBCF16C}") = "docker-compose", "docker-compose.dcproj", "{81DDED9D-158B-E303-5F62-77A2896D2A5A}"
EndProject
Project("{2150E333-8FDC-42A3-9474-1A3956D46DE8}") = "Basket", "Basket", "{BD4ACE97-C546-488C-AA62-AB699ED1D488}"
EndProject
Project("{FAE04EC0-301F-11D3-BF4B-00C04F79EFBC}") = "Basket.API", "src\Services\Basket\Basket.API\Basket.API.csproj", "{244CE213-C605-4903-8032-8135E12FEB3E}"
EndProject
Project("{2150E333-8FDC-42A3-9474-1A3956D46DE8}") = "Discount", "Discount", "{C7030CF2-64B2-4C38-A42E-009F6EB18E30}"
EndProject
Project("{FAE04EC0-301F-11D3-BF4B-00C04F79EFBC}") = "Discount.Grpc", "src\Services\Discount\Discount.Grpc\Discount.Grpc.csproj", "{2D6ECB4A-F639-450F-A253-7744F3D97643}"
EndProject
Project("{2150E333-8FDC-42A3-9474-1A3956D46DE8}") = "Ordering", "Ordering", "{D9AC1F09-97F7-4774-ACF7-02687F0B0A99}"
EndProject
Project("{FAE04EC0-301F-11D3-BF4B-00C04F79EFBC}") = "Ordering.API", "src\Services\Ordering\Ordering.API\Ordering.API.csproj", "{A3891930-D19F-4D6B-9EEF-2CB74CCCC9D8}"
EndProject
Project("{FAE04EC0-301F-11D3-BF4B-00C04F79EFBC}") = "Ordering.Domain", "src\Services\Ordering\Ordering.Domain\Ordering.Domain.csproj", "{FC1F26FA-71E2-4BB6-A3E8-732625190502}"
EndProject
Project("{FAE04EC0-301F-11D3-BF4B-00C04F79EFBC}") = "Ordering.Application", "src\Services\Ordering\Ordering.Application\Ordering.Application.csproj", "{0DF124D5-A7C9-41CD-88CF-F64DE2D99446}"
EndProject
Project("{FAE04EC0-301F-11D3-BF4B-00C04F79EFBC}") = "Ordering.Infrastructure", "src\Services\Ordering\Ordering.Infrastructure\Ordering.Infrastructure.csproj", "{FA11BB4F-6518-4692-AEF8-34025FD10A0E}"
EndProject
Project("{FAE04EC0-301F-11D3-BF4B-00C04F79EFBC}") = "BuildingBlocks.Messaging", "src\BuildingBlocks\BuildingBlocks.Messaging\BuildingBlocks.Messaging.csproj", "{8A7D376B-0778-40FD-9EA4-08BD8A59BACF}"
EndProject
Global
	GlobalSection(SolutionConfigurationPlatforms) = preSolution
		Debug|Any CPU = Debug|Any CPU
		Release|Any CPU = Release|Any CPU
	EndGlobalSection
	GlobalSection(ProjectConfigurationPlatforms) = postSolution
		{E42CEAFC-5528-42D3-8BAB-D03A7642F1B4}.Debug|Any CPU.ActiveCfg = Debug|Any CPU
		{E42CEAFC-5528-42D3-8BAB-D03A7642F1B4}.Debug|Any CPU.Build.0 = Debug|Any CPU
		{E42CEAFC-5528-42D3-8BAB-D03A7642F1B4}.Release|Any CPU.ActiveCfg = Release|Any CPU
		{E42CEAFC-5528-42D3-8BAB-D03A7642F1B4}.Release|Any CPU.Build.0 = Release|Any CPU
		{26F79A5B-A92E-41FB-818C-655CC30B3BE8}.Debug|Any CPU.ActiveCfg = Debug|Any CPU
		{26F79A5B-A92E-41FB-818C-655CC30B3BE8}.Debug|Any CPU.Build.0 = Debug|Any CPU
		{26F79A5B-A92E-41FB-818C-655CC30B3BE8}.Release|Any CPU.ActiveCfg = Release|Any CPU
		{26F79A5B-A92E-41FB-818C-655CC30B3BE8}.Release|Any CPU.Build.0 = Release|Any CPU
		{81DDED9D-158B-E303-5F62-77A2896D2A5A}.Debug|Any CPU.ActiveCfg = Debug|Any CPU
		{81DDED9D-158B-E303-5F62-77A2896D2A5A}.Debug|Any CPU.Build.0 = Debug|Any CPU
		{81DDED9D-158B-E303-5F62-77A2896D2A5A}.Release|Any CPU.ActiveCfg = Release|Any CPU
		{81DDED9D-158B-E303-5F62-77A2896D2A5A}.Release|Any CPU.Build.0 = Release|Any CPU
		{244CE213-C605-4903-8032-8135E12FEB3E}.Debug|Any CPU.ActiveCfg = Debug|Any CPU
		{244CE213-C605-4903-8032-8135E12FEB3E}.Debug|Any CPU.Build.0 = Debug|Any CPU
		{244CE213-C605-4903-8032-8135E12FEB3E}.Release|Any CPU.ActiveCfg = Release|Any CPU
		{244CE213-C605-4903-8032-8135E12FEB3E}.Release|Any CPU.Build.0 = Release|Any CPU
		{2D6ECB4A-F639-450F-A253-7744F3D97643}.Debug|Any CPU.ActiveCfg = Debug|Any CPU
		{2D6ECB4A-F639-450F-A253-7744F3D97643}.Debug|Any CPU.Build.0 = Debug|Any CPU
		{2D6ECB4A-F639-450F-A253-7744F3D97643}.Release|Any CPU.ActiveCfg = Release|Any CPU
		{2D6ECB4A-F639-450F-A253-7744F3D97643}.Release|Any CPU.Build.0 = Release|Any CPU
		{A3891930-D19F-4D6B-9EEF-2CB74CCCC9D8}.Debug|Any CPU.ActiveCfg = Debug|Any CPU
		{A3891930-D19F-4D6B-9EEF-2CB74CCCC9D8}.Debug|Any CPU.Build.0 = Debug|Any CPU
		{A3891930-D19F-4D6B-9EEF-2CB74CCCC9D8}.Release|Any CPU.ActiveCfg = Release|Any CPU
		{A3891930-D19F-4D6B-9EEF-2CB74CCCC9D8}.Release|Any CPU.Build.0 = Release|Any CPU
		{FC1F26FA-71E2-4BB6-A3E8-732625190502}.Debug|Any CPU.ActiveCfg = Debug|Any CPU
		{FC1F26FA-71E2-4BB6-A3E8-732625190502}.Debug|Any CPU.Build.0 = Debug|Any CPU
		{FC1F26FA-71E2-4BB6-A3E8-732625190502}.Release|Any CPU.ActiveCfg = Release|Any CPU
		{FC1F26FA-71E2-4BB6-A3E8-732625190502}.Release|Any CPU.Build.0 = Release|Any CPU
		{0DF124D5-A7C9-41CD-88CF-F64DE2D99446}.Debug|Any CPU.ActiveCfg = Debug|Any CPU
		{0DF124D5-A7C9-41CD-88CF-F64DE2D99446}.Debug|Any CPU.Build.0 = Debug|Any CPU
		{0DF124D5-A7C9-41CD-88CF-F64DE2D99446}.Release|Any CPU.ActiveCfg = Release|Any CPU
		{0DF124D5-A7C9-41CD-88CF-F64DE2D99446}.Release|Any CPU.Build.0 = Release|Any CPU
		{FA11BB4F-6518-4692-AEF8-34025FD10A0E}.Debug|Any CPU.ActiveCfg = Debug|Any CPU
		{FA11BB4F-6518-4692-AEF8-34025FD10A0E}.Debug|Any CPU.Build.0 = Debug|Any CPU
		{FA11BB4F-6518-4692-AEF8-34025FD10A0E}.Release|Any CPU.ActiveCfg = Release|Any CPU
		{FA11BB4F-6518-4692-AEF8-34025FD10A0E}.Release|Any CPU.Build.0 = Release|Any CPU
		{8A7D376B-0778-40FD-9EA4-08BD8A59BACF}.Debug|Any CPU.ActiveCfg = Debug|Any CPU
		{8A7D376B-0778-40FD-9EA4-08BD8A59BACF}.Debug|Any CPU.Build.0 = Debug|Any CPU
		{8A7D376B-0778-40FD-9EA4-08BD8A59BACF}.Release|Any CPU.ActiveCfg = Release|Any CPU
		{8A7D376B-0778-40FD-9EA4-08BD8A59BACF}.Release|Any CPU.Build.0 = Release|Any CPU
	EndGlobalSection
	GlobalSection(SolutionProperties) = preSolution
		HideSolutionNode = FALSE
	EndGlobalSection
	GlobalSection(NestedProjects) = preSolution
		{B62D3584-AF5F-4979-999B-990B6317CAC7} = {02EA681E-C7D8-13C7-8484-4AC65E1B71E8}
		{E42CEAFC-5528-42D3-8BAB-D03A7642F1B4} = {B62D3584-AF5F-4979-999B-990B6317CAC7}
		{26F79A5B-A92E-41FB-818C-655CC30B3BE8} = {B0BAC219-A11F-461C-9A02-0812A11EC182}
		{BD4ACE97-C546-488C-AA62-AB699ED1D488} = {02EA681E-C7D8-13C7-8484-4AC65E1B71E8}
		{244CE213-C605-4903-8032-8135E12FEB3E} = {BD4ACE97-C546-488C-AA62-AB699ED1D488}
		{C7030CF2-64B2-4C38-A42E-009F6EB18E30} = {02EA681E-C7D8-13C7-8484-4AC65E1B71E8}
		{2D6ECB4A-F639-450F-A253-7744F3D97643} = {C7030CF2-64B2-4C38-A42E-009F6EB18E30}
		{D9AC1F09-97F7-4774-ACF7-02687F0B0A99} = {02EA681E-C7D8-13C7-8484-4AC65E1B71E8}
		{A3891930-D19F-4D6B-9EEF-2CB74CCCC9D8} = {D9AC1F09-97F7-4774-ACF7-02687F0B0A99}
		{FC1F26FA-71E2-4BB6-A3E8-732625190502} = {D9AC1F09-97F7-4774-ACF7-02687F0B0A99}
		{0DF124D5-A7C9-41CD-88CF-F64DE2D99446} = {D9AC1F09-97F7-4774-ACF7-02687F0B0A99}
		{FA11BB4F-6518-4692-AEF8-34025FD10A0E} = {D9AC1F09-97F7-4774-ACF7-02687F0B0A99}
		{8A7D376B-0778-40FD-9EA4-08BD8A59BACF} = {B0BAC219-A11F-461C-9A02-0812A11EC182}
	EndGlobalSection
	GlobalSection(ExtensibilityGlobals) = postSolution
		SolutionGuid = {61345088-0B7A-4990-9975-E022E78A38D4}
	EndGlobalSection
EndGlobal
